// !$*UTF8*$!
{
	archiveVersion = 1;
	classes = {
	};
	objectVersion = 46;
	objects = {

/* Begin PBXBuildFile section */
		4264AF1C1EEAA1B900EC0927 /* AppDelegate.swift in Sources */ = {isa = PBXBuildFile; fileRef = 4264AF1B1EEAA1B900EC0927 /* AppDelegate.swift */; };
		4264AF1E1EEAA1B900EC0927 /* ViewController.swift in Sources */ = {isa = PBXBuildFile; fileRef = 4264AF1D1EEAA1B900EC0927 /* ViewController.swift */; };
		4264AF211EEAA1B900EC0927 /* Main.storyboard in Resources */ = {isa = PBXBuildFile; fileRef = 4264AF1F1EEAA1B900EC0927 /* Main.storyboard */; };
		4264AF231EEAA1B900EC0927 /* Assets.xcassets in Resources */ = {isa = PBXBuildFile; fileRef = 4264AF221EEAA1B900EC0927 /* Assets.xcassets */; };
		4264AF261EEAA1B900EC0927 /* LaunchScreen.storyboard in Resources */ = {isa = PBXBuildFile; fileRef = 4264AF241EEAA1B900EC0927 /* LaunchScreen.storyboard */; };
		496D2E571EF2BABB00A73C36 /* Book.swift in Sources */ = {isa = PBXBuildFile; fileRef = 496D2E561EF2BABB00A73C36 /* Book.swift */; };
		496D2E591EF2BD9A00A73C36 /* BookCollectionViewCell.swift in Sources */ = {isa = PBXBuildFile; fileRef = 496D2E581EF2BD9A00A73C36 /* BookCollectionViewCell.swift */; };
		7533B1A66DC0F2488FB7C02B /* Pods_HenryPoitierXKE.framework in Frameworks */ = {isa = PBXBuildFile; fileRef = C496F4C06D59E51D0B965F78 /* Pods_HenryPoitierXKE.framework */; };
/* End PBXBuildFile section */

/* Begin PBXFileReference section */
		3726D475FA887A0565CCE9FC /* Pods-HenryPoitierXKE.release.xcconfig */ = {isa = PBXFileReference; includeInIndex = 1; lastKnownFileType = text.xcconfig; name = "Pods-HenryPoitierXKE.release.xcconfig"; path = "Pods/Target Support Files/Pods-HenryPoitierXKE/Pods-HenryPoitierXKE.release.xcconfig"; sourceTree = "<group>"; };
		4264AF181EEAA1B900EC0927 /* HenryPoitierXKE.app */ = {isa = PBXFileReference; explicitFileType = wrapper.application; includeInIndex = 0; path = HenryPoitierXKE.app; sourceTree = BUILT_PRODUCTS_DIR; };
		4264AF1B1EEAA1B900EC0927 /* AppDelegate.swift */ = {isa = PBXFileReference; lastKnownFileType = sourcecode.swift; path = AppDelegate.swift; sourceTree = "<group>"; };
		4264AF1D1EEAA1B900EC0927 /* ViewController.swift */ = {isa = PBXFileReference; lastKnownFileType = sourcecode.swift; path = ViewController.swift; sourceTree = "<group>"; };
		4264AF201EEAA1B900EC0927 /* Base */ = {isa = PBXFileReference; lastKnownFileType = file.storyboard; name = Base; path = Base.lproj/Main.storyboard; sourceTree = "<group>"; };
		4264AF221EEAA1B900EC0927 /* Assets.xcassets */ = {isa = PBXFileReference; lastKnownFileType = folder.assetcatalog; path = Assets.xcassets; sourceTree = "<group>"; };
		4264AF251EEAA1B900EC0927 /* Base */ = {isa = PBXFileReference; lastKnownFileType = file.storyboard; name = Base; path = Base.lproj/LaunchScreen.storyboard; sourceTree = "<group>"; };
		4264AF271EEAA1B900EC0927 /* Info.plist */ = {isa = PBXFileReference; lastKnownFileType = text.plist.xml; path = Info.plist; sourceTree = "<group>"; };
		496D2E561EF2BABB00A73C36 /* Book.swift */ = {isa = PBXFileReference; fileEncoding = 4; lastKnownFileType = sourcecode.swift; name = Book.swift; path = HenryPoitierXKE/Book.swift; sourceTree = SOURCE_ROOT; };
		496D2E581EF2BD9A00A73C36 /* BookCollectionViewCell.swift */ = {isa = PBXFileReference; fileEncoding = 4; lastKnownFileType = sourcecode.swift; path = BookCollectionViewCell.swift; sourceTree = "<group>"; };
		AC299FA3A556D2408FED82A0 /* Pods-HenryPoitierXKE.debug.xcconfig */ = {isa = PBXFileReference; includeInIndex = 1; lastKnownFileType = text.xcconfig; name = "Pods-HenryPoitierXKE.debug.xcconfig"; path = "Pods/Target Support Files/Pods-HenryPoitierXKE/Pods-HenryPoitierXKE.debug.xcconfig"; sourceTree = "<group>"; };
		C496F4C06D59E51D0B965F78 /* Pods_HenryPoitierXKE.framework */ = {isa = PBXFileReference; explicitFileType = wrapper.framework; includeInIndex = 0; path = Pods_HenryPoitierXKE.framework; sourceTree = BUILT_PRODUCTS_DIR; };
/* End PBXFileReference section */

/* Begin PBXFrameworksBuildPhase section */
		4264AF151EEAA1B900EC0927 /* Frameworks */ = {
			isa = PBXFrameworksBuildPhase;
			buildActionMask = 2147483647;
			files = (
				7533B1A66DC0F2488FB7C02B /* Pods_HenryPoitierXKE.framework in Frameworks */,
			);
			runOnlyForDeploymentPostprocessing = 0;
		};
/* End PBXFrameworksBuildPhase section */

/* Begin PBXGroup section */
		421475C6D1CF395A9DBB2705 /* Pods */ = {
			isa = PBXGroup;
			children = (
				AC299FA3A556D2408FED82A0 /* Pods-HenryPoitierXKE.debug.xcconfig */,
				3726D475FA887A0565CCE9FC /* Pods-HenryPoitierXKE.release.xcconfig */,
			);
			name = Pods;
			sourceTree = "<group>";
		};
		4264AF0F1EEAA1B900EC0927 = {
			isa = PBXGroup;
			children = (
				4264AF1A1EEAA1B900EC0927 /* HenryPoitierXKE */,
				4264AF191EEAA1B900EC0927 /* Products */,
				421475C6D1CF395A9DBB2705 /* Pods */,
				9385C419B4683F599BEA08E3 /* Frameworks */,
			);
			sourceTree = "<group>";
		};
		4264AF191EEAA1B900EC0927 /* Products */ = {
			isa = PBXGroup;
			children = (
				4264AF181EEAA1B900EC0927 /* HenryPoitierXKE.app */,
			);
			name = Products;
			sourceTree = "<group>";
		};
		4264AF1A1EEAA1B900EC0927 /* HenryPoitierXKE */ = {
			isa = PBXGroup;
			children = (
				4264AF2D1EEAA84600EC0927 /* Models */,
				4264AF1B1EEAA1B900EC0927 /* AppDelegate.swift */,
				4264AF1D1EEAA1B900EC0927 /* ViewController.swift */,
				4264AF1F1EEAA1B900EC0927 /* Main.storyboard */,
				496D2E581EF2BD9A00A73C36 /* BookCollectionViewCell.swift */,
				4264AF221EEAA1B900EC0927 /* Assets.xcassets */,
				4264AF241EEAA1B900EC0927 /* LaunchScreen.storyboard */,
				4264AF271EEAA1B900EC0927 /* Info.plist */,
			);
			path = HenryPoitierXKE;
			sourceTree = "<group>";
		};
		4264AF2D1EEAA84600EC0927 /* Models */ = {
			isa = PBXGroup;
			children = (
				496D2E561EF2BABB00A73C36 /* Book.swift */,
			);
			path = Models;
			sourceTree = "<group>";
		};
		9385C419B4683F599BEA08E3 /* Frameworks */ = {
			isa = PBXGroup;
			children = (
				C496F4C06D59E51D0B965F78 /* Pods_HenryPoitierXKE.framework */,
			);
			name = Frameworks;
			sourceTree = "<group>";
		};
/* End PBXGroup section */

/* Begin PBXNativeTarget section */
		4264AF171EEAA1B900EC0927 /* HenryPoitierXKE */ = {
			isa = PBXNativeTarget;
			buildConfigurationList = 4264AF2A1EEAA1B900EC0927 /* Build configuration list for PBXNativeTarget "HenryPoitierXKE" */;
			buildPhases = (
				0F493EA00FFE3362A8A2E403 /* [CP] Check Pods Manifest.lock */,
				4264AF141EEAA1B900EC0927 /* Sources */,
				4264AF151EEAA1B900EC0927 /* Frameworks */,
				4264AF161EEAA1B900EC0927 /* Resources */,
				84D4D9BE4AA69F84ED0680D3 /* [CP] Embed Pods Frameworks */,
				F0D6BFF95FC93794E0E89268 /* [CP] Copy Pods Resources */,
			);
			buildRules = (
			);
			dependencies = (
			);
			name = HenryPoitierXKE;
			productName = HenryPoitierXKE;
			productReference = 4264AF181EEAA1B900EC0927 /* HenryPoitierXKE.app */;
			productType = "com.apple.product-type.application";
		};
/* End PBXNativeTarget section */

/* Begin PBXProject section */
		4264AF101EEAA1B900EC0927 /* Project object */ = {
			isa = PBXProject;
			attributes = {
				LastSwiftUpdateCheck = 0830;
				LastUpgradeCheck = 0830;
				ORGANIZATIONNAME = "Xebia IT Architects";
				TargetAttributes = {
					4264AF171EEAA1B900EC0927 = {
						CreatedOnToolsVersion = 8.3.1;
						ProvisioningStyle = Automatic;
					};
				};
			};
			buildConfigurationList = 4264AF131EEAA1B900EC0927 /* Build configuration list for PBXProject "HenryPoitierXKE" */;
			compatibilityVersion = "Xcode 3.2";
			developmentRegion = English;
			hasScannedForEncodings = 0;
			knownRegions = (
				en,
				Base,
			);
			mainGroup = 4264AF0F1EEAA1B900EC0927;
			productRefGroup = 4264AF191EEAA1B900EC0927 /* Products */;
			projectDirPath = "";
			projectRoot = "";
			targets = (
				4264AF171EEAA1B900EC0927 /* HenryPoitierXKE */,
			);
		};
/* End PBXProject section */

/* Begin PBXResourcesBuildPhase section */
		4264AF161EEAA1B900EC0927 /* Resources */ = {
			isa = PBXResourcesBuildPhase;
			buildActionMask = 2147483647;
			files = (
				4264AF261EEAA1B900EC0927 /* LaunchScreen.storyboard in Resources */,
				4264AF231EEAA1B900EC0927 /* Assets.xcassets in Resources */,
				4264AF211EEAA1B900EC0927 /* Main.storyboard in Resources */,
			);
			runOnlyForDeploymentPostprocessing = 0;
		};
/* End PBXResourcesBuildPhase section */

/* Begin PBXShellScriptBuildPhase section */
		0F493EA00FFE3362A8A2E403 /* [CP] Check Pods Manifest.lock */ = {
			isa = PBXShellScriptBuildPhase;
			buildActionMask = 2147483647;
			files = (
			);
			inputPaths = (
			);
			name = "[CP] Check Pods Manifest.lock";
			outputPaths = (
			);
			runOnlyForDeploymentPostprocessing = 0;
			shellPath = /bin/sh;
			shellScript = "diff \"${PODS_PODFILE_DIR_PATH}/Podfile.lock\" \"${PODS_ROOT}/Manifest.lock\" > /dev/null\nif [ $? != 0 ] ; then\n    # print error to STDERR\n    echo \"error: The sandbox is not in sync with the Podfile.lock. Run 'pod install' or update your CocoaPods installation.\" >&2\n    exit 1\nfi\n";
			showEnvVarsInLog = 0;
		};
		84D4D9BE4AA69F84ED0680D3 /* [CP] Embed Pods Frameworks */ = {
			isa = PBXShellScriptBuildPhase;
			buildActionMask = 2147483647;
			files = (
			);
			inputPaths = (
			);
			name = "[CP] Embed Pods Frameworks";
			outputPaths = (
			);
			runOnlyForDeploymentPostprocessing = 0;
			shellPath = /bin/sh;
			shellScript = "\"${SRCROOT}/Pods/Target Support Files/Pods-HenryPoitierXKE/Pods-HenryPoitierXKE-frameworks.sh\"\n";
			showEnvVarsInLog = 0;
		};
		F0D6BFF95FC93794E0E89268 /* [CP] Copy Pods Resources */ = {
			isa = PBXShellScriptBuildPhase;
			buildActionMask = 2147483647;
			files = (
			);
			inputPaths = (
			);
			name = "[CP] Copy Pods Resources";
			outputPaths = (
			);
			runOnlyForDeploymentPostprocessing = 0;
			shellPath = /bin/sh;
			shellScript = "\"${SRCROOT}/Pods/Target Support Files/Pods-HenryPoitierXKE/Pods-HenryPoitierXKE-resources.sh\"\n";
			showEnvVarsInLog = 0;
		};
/* End PBXShellScriptBuildPhase section */

/* Begin PBXSourcesBuildPhase section */
		4264AF141EEAA1B900EC0927 /* Sources */ = {
			isa = PBXSourcesBuildPhase;
			buildActionMask = 2147483647;
			files = (
				4264AF1E1EEAA1B900EC0927 /* ViewController.swift in Sources */,
				496D2E591EF2BD9A00A73C36 /* BookCollectionViewCell.swift in Sources */,
				4264AF1C1EEAA1B900EC0927 /* AppDelegate.swift in Sources */,
				496D2E571EF2BABB00A73C36 /* Book.swift in Sources */,
			);
			runOnlyForDeploymentPostprocessing = 0;
		};
/* End PBXSourcesBuildPhase section */

/* Begin PBXVariantGroup section */
		4264AF1F1EEAA1B900EC0927 /* Main.storyboard */ = {
			isa = PBXVariantGroup;
			children = (
				4264AF201EEAA1B900EC0927 /* Base */,
			);
			name = Main.storyboard;
			sourceTree = "<group>";
		};
		4264AF241EEAA1B900EC0927 /* LaunchScreen.storyboard */ = {
			isa = PBXVariantGroup;
			children = (
				4264AF251EEAA1B900EC0927 /* Base */,
			);
			name = LaunchScreen.storyboard;
			sourceTree = "<group>";
		};
/* End PBXVariantGroup section */

/* Begin XCBuildConfiguration section */
		4264AF281EEAA1B900EC0927 /* Debug */ = {
			isa = XCBuildConfiguration;
			buildSettings = {
				ALWAYS_SEARCH_USER_PATHS = NO;
				CLANG_ANALYZER_NONNULL = YES;
				CLANG_ANALYZER_NUMBER_OBJECT_CONVERSION = YES_AGGRESSIVE;
				CLANG_CXX_LANGUAGE_STANDARD = "gnu++0x";
				CLANG_CXX_LIBRARY = "libc++";
				CLANG_ENABLE_MODULES = YES;
				CLANG_ENABLE_OBJC_ARC = YES;
				CLANG_WARN_BOOL_CONVERSION = YES;
				CLANG_WARN_CONSTANT_CONVERSION = YES;
				CLANG_WARN_DIRECT_OBJC_ISA_USAGE = YES_ERROR;
				CLANG_WARN_DOCUMENTATION_COMMENTS = YES;
				CLANG_WARN_EMPTY_BODY = YES;
				CLANG_WARN_ENUM_CONVERSION = YES;
				CLANG_WARN_INFINITE_RECURSION = YES;
				CLANG_WARN_INT_CONVERSION = YES;
				CLANG_WARN_OBJC_ROOT_CLASS = YES_ERROR;
				CLANG_WARN_SUSPICIOUS_MOVE = YES;
				CLANG_WARN_UNREACHABLE_CODE = YES;
				CLANG_WARN__DUPLICATE_METHOD_MATCH = YES;
				"CODE_SIGN_IDENTITY[sdk=iphoneos*]" = "iPhone Developer";
				COPY_PHASE_STRIP = NO;
				DEBUG_INFORMATION_FORMAT = dwarf;
				ENABLE_STRICT_OBJC_MSGSEND = YES;
				ENABLE_TESTABILITY = YES;
				GCC_C_LANGUAGE_STANDARD = gnu99;
				GCC_DYNAMIC_NO_PIC = NO;
				GCC_NO_COMMON_BLOCKS = YES;
				GCC_OPTIMIZATION_LEVEL = 0;
				GCC_PREPROCESSOR_DEFINITIONS = (
					"DEBUG=1",
					"$(inherited)",
				);
				GCC_WARN_64_TO_32_BIT_CONVERSION = YES;
				GCC_WARN_ABOUT_RETURN_TYPE = YES_ERROR;
				GCC_WARN_UNDECLARED_SELECTOR = YES;
				GCC_WARN_UNINITIALIZED_AUTOS = YES_AGGRESSIVE;
				GCC_WARN_UNUSED_FUNCTION = YES;
				GCC_WARN_UNUSED_VARIABLE = YES;
				IPHONEOS_DEPLOYMENT_TARGET = 10.3;
				MTL_ENABLE_DEBUG_INFO = YES;
				ONLY_ACTIVE_ARCH = YES;
				SDKROOT = iphoneos;
				SWIFT_ACTIVE_COMPILATION_CONDITIONS = DEBUG;
				SWIFT_OPTIMIZATION_LEVEL = "-Onone";
			};
			name = Debug;
		};
		4264AF291EEAA1B900EC0927 /* Release */ = {
			isa = XCBuildConfiguration;
			buildSettings = {
				ALWAYS_SEARCH_USER_PATHS = NO;
				CLANG_ANALYZER_NONNULL = YES;
				CLANG_ANALYZER_NUMBER_OBJECT_CONVERSION = YES_AGGRESSIVE;
				CLANG_CXX_LANGUAGE_STANDARD = "gnu++0x";
				CLANG_CXX_LIBRARY = "libc++";
				CLANG_ENABLE_MODULES = YES;
				CLANG_ENABLE_OBJC_ARC = YES;
				CLANG_WARN_BOOL_CONVERSION = YES;
				CLANG_WARN_CONSTANT_CONVERSION = YES;
				CLANG_WARN_DIRECT_OBJC_ISA_USAGE = YES_ERROR;
				CLANG_WARN_DOCUMENTATION_COMMENTS = YES;
				CLANG_WARN_EMPTY_BODY = YES;
				CLANG_WARN_ENUM_CONVERSION = YES;
				CLANG_WARN_INFINITE_RECURSION = YES;
				CLANG_WARN_INT_CONVERSION = YES;
				CLANG_WARN_OBJC_ROOT_CLASS = YES_ERROR;
				CLANG_WARN_SUSPICIOUS_MOVE = YES;
				CLANG_WARN_UNREACHABLE_CODE = YES;
				CLANG_WARN__DUPLICATE_METHOD_MATCH = YES;
				"CODE_SIGN_IDENTITY[sdk=iphoneos*]" = "iPhone Developer";
				COPY_PHASE_STRIP = NO;
				DEBUG_INFORMATION_FORMAT = "dwarf-with-dsym";
				ENABLE_NS_ASSERTIONS = NO;
				ENABLE_STRICT_OBJC_MSGSEND = YES;
				GCC_C_LANGUAGE_STANDARD = gnu99;
				GCC_NO_COMMON_BLOCKS = YES;
				GCC_WARN_64_TO_32_BIT_CONVERSION = YES;
				GCC_WARN_ABOUT_RETURN_TYPE = YES_ERROR;
				GCC_WARN_UNDECLARED_SELECTOR = YES;
				GCC_WARN_UNINITIALIZED_AUTOS = YES_AGGRESSIVE;
				GCC_WARN_UNUSED_FUNCTION = YES;
				GCC_WARN_UNUSED_VARIABLE = YES;
				IPHONEOS_DEPLOYMENT_TARGET = 10.3;
				MTL_ENABLE_DEBUG_INFO = NO;
				SDKROOT = iphoneos;
				SWIFT_OPTIMIZATION_LEVEL = "-Owholemodule";
				VALIDATE_PRODUCT = YES;
			};
			name = Release;
		};
		4264AF2B1EEAA1B900EC0927 /* Debug */ = {
			isa = XCBuildConfiguration;
			baseConfigurationReference = AC299FA3A556D2408FED82A0 /* Pods-HenryPoitierXKE.debug.xcconfig */;
			buildSettings = {
				ASSETCATALOG_COMPILER_APPICON_NAME = AppIcon;
				DEVELOPMENT_TEAM = "";
				INFOPLIST_FILE = HenryPoitierXKE/Info.plist;
				LD_RUNPATH_SEARCH_PATHS = "$(inherited) @executable_path/Frameworks";
				PRODUCT_BUNDLE_IDENTIFIER = fr.xebia.HenryPoitierXKE;
				PRODUCT_NAME = "$(TARGET_NAME)";
				SWIFT_VERSION = 3.0;
			};
			name = Debug;
		};
		4264AF2C1EEAA1B900EC0927 /* Release */ = {
			isa = XCBuildConfiguration;
			baseConfigurationReference = 3726D475FA887A0565CCE9FC /* Pods-HenryPoitierXKE.release.xcconfig */;
			buildSettings = {
				ASSETCATALOG_COMPILER_APPICON_NAME = AppIcon;
				DEVELOPMENT_TEAM = "";
				INFOPLIST_FILE = HenryPoitierXKE/Info.plist;
				LD_RUNPATH_SEARCH_PATHS = "$(inherited) @executable_path/Frameworks";
				PRODUCT_BUNDLE_IDENTIFIER = fr.xebia.HenryPoitierXKE;
				PRODUCT_NAME = "$(TARGET_NAME)";
				SWIFT_VERSION = 3.0;
			};
			name = Release;
		};
/* End XCBuildConfiguration section */

/* Begin XCConfigurationList section */
		4264AF131EEAA1B900EC0927 /* Build configuration list for PBXProject "HenryPoitierXKE" */ = {
			isa = XCConfigurationList;
			buildConfigurations = (
				4264AF281EEAA1B900EC0927 /* Debug */,
				4264AF291EEAA1B900EC0927 /* Release */,
			);
			defaultConfigurationIsVisible = 0;
			defaultConfigurationName = Release;
		};
		4264AF2A1EEAA1B900EC0927 /* Build configuration list for PBXNativeTarget "HenryPoitierXKE" */ = {
			isa = XCConfigurationList;
			buildConfigurations = (
				4264AF2B1EEAA1B900EC0927 /* Debug */,
				4264AF2C1EEAA1B900EC0927 /* Release */,
			);
			defaultConfigurationIsVisible = 0;
			defaultConfigurationName = Release;
		};
/* End XCConfigurationList section */
	};
	rootObject = 4264AF101EEAA1B900EC0927 /* Project object */;
}
